
Microsoft Visual Studio Solution File, Format Version 12.00
# Visual Studio Version 16
VisualStudioVersion = 16.0.31205.134
MinimumVisualStudioVersion = 10.0.40219.1
Project("{FAE04EC0-301F-11D3-BF4B-00C04F79EFBC}") = "MVC_Core_Demo", "MVC_Core_Demo\MVC_Core_Demo.csproj", "{BD0ADDD1-EB7C-4560-99E9-7417A9B071A9}"
EndProject
Global
	GlobalSection(SolutionConfigurationPlatforms) = preSolution
		Debug|Any CPU = Debug|Any CPU
		Release|Any CPU = Release|Any CPU
	EndGlobalSection
	GlobalSection(ProjectConfigurationPlatforms) = postSolution
		{BD0ADDD1-EB7C-4560-99E9-7417A9B071A9}.Debug|Any CPU.ActiveCfg = Debug|Any CPU
		{BD0ADDD1-EB7C-4560-99E9-7417A9B071A9}.Debug|Any CPU.Build.0 = Debug|Any CPU
		{BD0ADDD1-EB7C-4560-99E9-7417A9B071A9}.Release|Any CPU.ActiveCfg = Release|Any CPU
		{BD0ADDD1-EB7C-4560-99E9-7417A9B071A9}.Release|Any CPU.Build.0 = Release|Any CPU
	EndGlobalSection
	GlobalSection(SolutionProperties) = preSolution
		HideSolutionNode = FALSE
	EndGlobalSection
	GlobalSection(ExtensibilityGlobals) = postSolution
		SolutionGuid = {8184A5F5-CAB4-4D47-93C5-009AC49B2F78}
	EndGlobalSection
EndGlobal
